# This file is automatically @generated by Cargo.
# It is not intended for manual editing.
[[package]]
name = "aead"
version = "0.3.0"
source = "registry+https://github.com/rust-lang/crates.io-index"
checksum = "20e6f2cedd00d6e1d33954c9e4181094b61d87e7e751e5aaed1c249df5ba71ba"
dependencies = [
 "generic-array 0.14.1",
 "heapless",
]

[[package]]
name = "aes"
version = "0.4.0"
source = "registry+https://github.com/rust-lang/crates.io-index"
checksum = "f7001367fde4c768a19d1029f0a8be5abd9308e1119846d5bd9ad26297b8faf5"
dependencies = [
 "aes-soft",
 "aesni",
 "block-cipher",
]

[[package]]
name = "aes-gcm"
version = "0.6.0"
dependencies = [
 "aead",
 "aes",
 "block-cipher",
 "criterion",
 "criterion-cycles-per-byte",
 "ghash",
 "hex-literal",
 "subtle",
 "zeroize",
]

[[package]]
name = "aes-gcm-siv"
version = "0.5.0"
dependencies = [
 "aead",
 "aes",
 "block-cipher",
 "criterion",
 "criterion-cycles-per-byte",
 "polyval",
 "subtle",
 "zeroize",
]

[[package]]
name = "aes-siv"
version = "0.3.0"
dependencies = [
 "aead",
 "aes",
 "cmac",
 "crypto-mac",
 "ctr",
 "dbl",
 "hex-literal",
 "pmac",
 "stream-cipher",
 "zeroize",
]

[[package]]
name = "aes-soft"
version = "0.4.0"
source = "registry+https://github.com/rust-lang/crates.io-index"
checksum = "4925647ee64e5056cf231608957ce7c81e12d6d6e316b9ce1404778cc1d35fa7"
dependencies = [
 "block-cipher",
 "byteorder",
 "opaque-debug",
]

[[package]]
name = "aesni"
version = "0.7.0"
source = "registry+https://github.com/rust-lang/crates.io-index"
checksum = "d050d39b0b7688b3a3254394c3e30a9d66c41dcf9b05b0e2dbdc623f6505d264"
dependencies = [
 "block-cipher",
 "opaque-debug",
]

[[package]]
name = "as-slice"
version = "0.1.3"
source = "registry+https://github.com/rust-lang/crates.io-index"
checksum = "37dfb65bc03b2bc85ee827004f14a6817e04160e3b1a28931986a666a9290e70"
dependencies = [
 "generic-array 0.12.3",
 "generic-array 0.13.2",
 "stable_deref_trait",
]

[[package]]
name = "atty"
version = "0.2.14"
source = "registry+https://github.com/rust-lang/crates.io-index"
checksum = "d9b39be18770d11421cdb1b9947a45dd3f37e93092cbf377614828a319d5fee8"
dependencies = [
 "hermit-abi",
 "libc",
 "winapi",
]

[[package]]
name = "autocfg"
version = "1.0.0"
source = "registry+https://github.com/rust-lang/crates.io-index"
checksum = "f8aac770f1885fd7e387acedd76065302551364496e46b3dd00860b2f8359b9d"

[[package]]
name = "bitflags"
version = "1.2.1"
source = "registry+https://github.com/rust-lang/crates.io-index"
checksum = "cf1de2fe8c75bc145a2f577add951f8134889b4795d47466a54a5c846d691693"

[[package]]
name = "block-cipher"
version = "0.7.0"
source = "registry+https://github.com/rust-lang/crates.io-index"
checksum = "f837aab23b44bf3be7e24411b599fda76b1788792e765fa077af268292e156d1"
dependencies = [
 "generic-array 0.14.1",
]

[[package]]
name = "bstr"
version = "0.2.13"
source = "registry+https://github.com/rust-lang/crates.io-index"
checksum = "31accafdb70df7871592c058eca3985b71104e15ac32f64706022c58867da931"
dependencies = [
 "lazy_static",
 "memchr",
 "regex-automata",
 "serde",
]

[[package]]
name = "bumpalo"
version = "3.4.0"
source = "registry+https://github.com/rust-lang/crates.io-index"
checksum = "2e8c087f005730276d1096a652e92a8bacee2e2472bcc9715a74d2bec38b5820"

[[package]]
name = "byteorder"
version = "1.3.4"
source = "registry+https://github.com/rust-lang/crates.io-index"
checksum = "08c48aae112d48ed9f069b33538ea9e3e90aa263cfa3d1c24309612b1f7472de"

[[package]]
name = "cast"
version = "0.2.3"
source = "registry+https://github.com/rust-lang/crates.io-index"
checksum = "4b9434b9a5aa1450faa3f9cb14ea0e8c53bb5d2b3c1bfd1ab4fc03e9f33fbfb0"
dependencies = [
 "rustc_version",
]

[[package]]
name = "cfg-if"
version = "0.1.10"
source = "registry+https://github.com/rust-lang/crates.io-index"
checksum = "4785bdd1c96b2a846b2bd7cc02e86b6b3dbf14e7e53446c4f54c92a361040822"

[[package]]
name = "chacha20"
version = "0.4.1"
source = "registry+https://github.com/rust-lang/crates.io-index"
checksum = "b6acd88fd85f945e7f2e86830a197b26baa828a623de7cd47a00c10b3a2057d7"
dependencies = [
 "stream-cipher",
 "zeroize",
]

[[package]]
name = "chacha20poly1305"
version = "0.5.0"
dependencies = [
 "aead",
 "chacha20",
 "criterion",
 "criterion-cycles-per-byte",
 "poly1305",
 "stream-cipher",
 "zeroize",
]

[[package]]
name = "clap"
version = "2.33.1"
source = "registry+https://github.com/rust-lang/crates.io-index"
checksum = "bdfa80d47f954d53a35a64987ca1422f495b8d6483c0fe9f7117b36c2a792129"
dependencies = [
 "bitflags",
 "textwrap",
 "unicode-width",
]

[[package]]
name = "cmac"
version = "0.3.0"
source = "registry+https://github.com/rust-lang/crates.io-index"
checksum = "d9f8f8ba8b9640e29213f152015694e78208e601adf91c72b698460633b15715"
dependencies = [
 "block-cipher",
 "crypto-mac",
 "dbl",
]

[[package]]
name = "criterion"
version = "0.3.2"
source = "registry+https://github.com/rust-lang/crates.io-index"
checksum = "63f696897c88b57f4ffe3c69d8e1a0613c7d0e6c4833363c8560fbde9c47b966"
dependencies = [
 "atty",
 "cast",
 "clap",
 "criterion-plot",
 "csv",
 "itertools",
 "lazy_static",
 "num-traits",
 "oorandom",
 "plotters",
 "rayon",
 "regex",
 "serde",
 "serde_derive",
 "serde_json",
 "tinytemplate",
 "walkdir",
]

[[package]]
name = "criterion-cycles-per-byte"
version = "0.1.1"
source = "registry+https://github.com/rust-lang/crates.io-index"
checksum = "555c41da9ee6a8c7190923f7c51c7d171ed8f496924c7435b9086b8f2637d4dd"
dependencies = [
 "criterion",
]

[[package]]
name = "criterion-plot"
version = "0.4.2"
source = "registry+https://github.com/rust-lang/crates.io-index"
checksum = "ddeaf7989f00f2e1d871a26a110f3ed713632feac17f65f03ca938c542618b60"
dependencies = [
 "cast",
 "itertools",
]

[[package]]
name = "crossbeam-deque"
version = "0.7.3"
source = "registry+https://github.com/rust-lang/crates.io-index"
checksum = "9f02af974daeee82218205558e51ec8768b48cf524bd01d550abe5573a608285"
dependencies = [
 "crossbeam-epoch",
 "crossbeam-utils",
 "maybe-uninit",
]

[[package]]
name = "crossbeam-epoch"
version = "0.8.2"
source = "registry+https://github.com/rust-lang/crates.io-index"
checksum = "058ed274caafc1f60c4997b5fc07bf7dc7cca454af7c6e81edffe5f33f70dace"
dependencies = [
 "autocfg",
 "cfg-if",
 "crossbeam-utils",
 "lazy_static",
 "maybe-uninit",
 "memoffset",
 "scopeguard",
]

[[package]]
name = "crossbeam-queue"
version = "0.2.2"
source = "registry+https://github.com/rust-lang/crates.io-index"
checksum = "ab6bffe714b6bb07e42f201352c34f51fefd355ace793f9e638ebd52d23f98d2"
dependencies = [
 "cfg-if",
 "crossbeam-utils",
]

[[package]]
name = "crossbeam-utils"
version = "0.7.2"
source = "registry+https://github.com/rust-lang/crates.io-index"
checksum = "c3c7c73a2d1e9fc0886a08b93e98eb643461230d5f1925e4036204d5f2e261a8"
dependencies = [
 "autocfg",
 "cfg-if",
 "lazy_static",
]

[[package]]
name = "crypto-mac"
version = "0.8.0"
source = "registry+https://github.com/rust-lang/crates.io-index"
checksum = "b584a330336237c1eecd3e94266efb216c56ed91225d634cb2991c5f3fd1aeab"
dependencies = [
 "generic-array 0.14.1",
 "subtle",
]

[[package]]
name = "crypto_box"
version = "0.2.0"
dependencies = [
 "rand",
 "rand_core",
 "salsa20",
 "x25519-dalek",
 "xsalsa20poly1305",
 "zeroize",
]

[[package]]
name = "csv"
version = "1.1.3"
source = "registry+https://github.com/rust-lang/crates.io-index"
checksum = "00affe7f6ab566df61b4be3ce8cf16bc2576bca0963ceb0955e45d514bf9a279"
dependencies = [
 "bstr",
 "csv-core",
 "itoa",
 "ryu",
 "serde",
]

[[package]]
name = "csv-core"
version = "0.1.10"
source = "registry+https://github.com/rust-lang/crates.io-index"
checksum = "2b2466559f260f48ad25fe6317b3c8dac77b5bdb5763ac7d9d6103530663bc90"
dependencies = [
 "memchr",
]

[[package]]
name = "ctr"
version = "0.4.0"
source = "registry+https://github.com/rust-lang/crates.io-index"
checksum = "a3592740fd55aaf61dd72df96756bd0d11e6037b89dcf30ae2e1895b267692be"
dependencies = [
 "stream-cipher",
]

[[package]]
name = "curve25519-dalek"
version = "2.1.0"
source = "registry+https://github.com/rust-lang/crates.io-index"
checksum = "5d85653f070353a16313d0046f173f70d1aadd5b42600a14de626f0dfb3473a5"
dependencies = [
 "byteorder",
 "digest",
 "rand_core",
 "subtle",
 "zeroize",
]

[[package]]
name = "dbl"
version = "0.3.0"
source = "registry+https://github.com/rust-lang/crates.io-index"
checksum = "2735145c3b9ba15f2d7a3ae8cdafcbc8c98a7bef7f62afe9d08bd99fbf7130de"
dependencies = [
 "generic-array 0.14.1",
]

[[package]]
name = "digest"
version = "0.8.1"
source = "registry+https://github.com/rust-lang/crates.io-index"
checksum = "f3d0c8c8752312f9713efd397ff63acb9f85585afbf179282e720e7704954dd5"
dependencies = [
 "generic-array 0.12.3",
]

[[package]]
name = "either"
version = "1.5.3"
source = "registry+https://github.com/rust-lang/crates.io-index"
checksum = "bb1f6b1ce1c140482ea30ddd3335fc0024ac7ee112895426e0a629a6c20adfe3"

[[package]]
name = "generic-array"
version = "0.12.3"
source = "registry+https://github.com/rust-lang/crates.io-index"
checksum = "c68f0274ae0e023facc3c97b2e00f076be70e254bc851d972503b328db79b2ec"
dependencies = [
 "typenum",
]

[[package]]
name = "generic-array"
version = "0.13.2"
source = "registry+https://github.com/rust-lang/crates.io-index"
checksum = "0ed1e761351b56f54eb9dcd0cfaca9fd0daecf93918e1cfc01c8a3d26ee7adcd"
dependencies = [
 "typenum",
]

[[package]]
name = "generic-array"
version = "0.14.1"
source = "registry+https://github.com/rust-lang/crates.io-index"
checksum = "6d2664c2cf08049036f31015b04c6ac3671379a1d86f52ed2416893f16022deb"
dependencies = [
 "typenum",
]

[[package]]
name = "getrandom"
version = "0.1.14"
source = "registry+https://github.com/rust-lang/crates.io-index"
checksum = "7abc8dd8451921606d809ba32e95b6111925cd2906060d2dcc29c070220503eb"
dependencies = [
 "cfg-if",
 "libc",
 "wasi",
]

[[package]]
name = "ghash"
version = "0.3.0"
source = "registry+https://github.com/rust-lang/crates.io-index"
checksum = "d6e27f0689a6e15944bdce7e45425efb87eaa8ab0c6e87f11d0987a9133e2531"
dependencies = [
 "polyval",
]

[[package]]
name = "hash32"
version = "0.1.1"
source = "registry+https://github.com/rust-lang/crates.io-index"
checksum = "d4041af86e63ac4298ce40e5cca669066e75b6f1aa3390fe2561ffa5e1d9f4cc"
dependencies = [
 "byteorder",
]

[[package]]
name = "heapless"
version = "0.5.5"
source = "registry+https://github.com/rust-lang/crates.io-index"
checksum = "73a8a2391a3bc70b31f60e7a90daa5755a360559c0b6b9c5cfc0fee482362dc0"
dependencies = [
 "as-slice",
 "generic-array 0.13.2",
 "hash32",
 "stable_deref_trait",
]

[[package]]
name = "hermit-abi"
version = "0.1.13"
source = "registry+https://github.com/rust-lang/crates.io-index"
checksum = "91780f809e750b0a89f5544be56617ff6b1227ee485bcb06ebe10cdf89bd3b71"
dependencies = [
 "libc",
]

[[package]]
name = "hex-literal"
version = "0.2.1"
source = "registry+https://github.com/rust-lang/crates.io-index"
checksum = "961de220ec9a91af2e1e5bd80d02109155695e516771762381ef8581317066e0"
dependencies = [
 "hex-literal-impl",
 "proc-macro-hack",
]

[[package]]
name = "hex-literal-impl"
version = "0.2.2"
source = "registry+https://github.com/rust-lang/crates.io-index"
checksum = "853f769599eb31de176303197b7ba4973299c38c7a7604a6bc88c3eef05b9b46"
dependencies = [
 "proc-macro-hack",
]

[[package]]
name = "itertools"
version = "0.9.0"
source = "registry+https://github.com/rust-lang/crates.io-index"
checksum = "284f18f85651fe11e8a991b2adb42cb078325c996ed026d994719efcfca1d54b"
dependencies = [
 "either",
]

[[package]]
name = "itoa"
version = "0.4.5"
source = "registry+https://github.com/rust-lang/crates.io-index"
checksum = "b8b7a7c0c47db5545ed3fef7468ee7bb5b74691498139e4b3f6a20685dc6dd8e"

[[package]]
name = "js-sys"
version = "0.3.40"
source = "registry+https://github.com/rust-lang/crates.io-index"
checksum = "ce10c23ad2ea25ceca0093bd3192229da4c5b3c0f2de499c1ecac0d98d452177"
dependencies = [
 "wasm-bindgen",
]

[[package]]
name = "lazy_static"
version = "1.4.0"
source = "registry+https://github.com/rust-lang/crates.io-index"
checksum = "e2abad23fbc42b3700f2f279844dc832adb2b2eb069b2df918f455c4e18cc646"

[[package]]
name = "libc"
version = "0.2.71"
source = "registry+https://github.com/rust-lang/crates.io-index"
checksum = "9457b06509d27052635f90d6466700c65095fdf75409b3fbdd903e988b886f49"

[[package]]
name = "log"
version = "0.4.8"
source = "registry+https://github.com/rust-lang/crates.io-index"
checksum = "14b6052be84e6b71ab17edffc2eeabf5c2c3ae1fdb464aae35ac50c67a44e1f7"
dependencies = [
 "cfg-if",
]

[[package]]
name = "maybe-uninit"
version = "2.0.0"
source = "registry+https://github.com/rust-lang/crates.io-index"
checksum = "60302e4db3a61da70c0cb7991976248362f30319e88850c487b9b95bbf059e00"

[[package]]
name = "memchr"
version = "2.3.3"
source = "registry+https://github.com/rust-lang/crates.io-index"
checksum = "3728d817d99e5ac407411fa471ff9800a778d88a24685968b36824eaf4bee400"

[[package]]
name = "memoffset"
version = "0.5.4"
source = "registry+https://github.com/rust-lang/crates.io-index"
checksum = "b4fc2c02a7e374099d4ee95a193111f72d2110197fe200272371758f6c3643d8"
dependencies = [
 "autocfg",
]

[[package]]
name = "num-traits"
version = "0.2.11"
source = "registry+https://github.com/rust-lang/crates.io-index"
checksum = "c62be47e61d1842b9170f0fdeec8eba98e60e90e5446449a0545e5152acd7096"
dependencies = [
 "autocfg",
]

[[package]]
name = "num_cpus"
version = "1.13.0"
source = "registry+https://github.com/rust-lang/crates.io-index"
checksum = "05499f3756671c15885fee9034446956fff3f243d6077b91e5767df161f766b3"
dependencies = [
 "hermit-abi",
 "libc",
]

[[package]]
name = "oorandom"
version = "11.1.1"
source = "registry+https://github.com/rust-lang/crates.io-index"
checksum = "94af325bc33c7f60191be4e2c984d48aaa21e2854f473b85398344b60c9b6358"

[[package]]
name = "opaque-debug"
version = "0.2.3"
source = "registry+https://github.com/rust-lang/crates.io-index"
checksum = "2839e79665f131bdb5782e51f2c6c9599c133c6098982a54c794358bf432529c"

[[package]]
name = "plotters"
version = "0.2.15"
source = "registry+https://github.com/rust-lang/crates.io-index"
checksum = "0d1685fbe7beba33de0330629da9d955ac75bd54f33d7b79f9a895590124f6bb"
dependencies = [
 "js-sys",
 "num-traits",
 "wasm-bindgen",
 "web-sys",
]

[[package]]
name = "pmac"
version = "0.3.0"
source = "registry+https://github.com/rust-lang/crates.io-index"
checksum = "979bdaa73c9597de894baf16305d2b4743b8c43b5511d7e574275eedbf5126bb"
dependencies = [
 "block-cipher",
 "crypto-mac",
 "dbl",
]

[[package]]
name = "poly1305"
version = "0.6.0"
source = "registry+https://github.com/rust-lang/crates.io-index"
checksum = "d9b42192ab143ed7619bf888a7f9c6733a9a2153b218e2cd557cfdb52fbf9bb1"
dependencies = [
 "universal-hash",
]

[[package]]
name = "polyval"
version = "0.4.0"
source = "registry+https://github.com/rust-lang/crates.io-index"
checksum = "d9a50142b55ab3ed0e9f68dfb3709f1d90d29da24e91033f28b96330643107dc"
dependencies = [
 "cfg-if",
 "universal-hash",
]

[[package]]
name = "ppv-lite86"
version = "0.2.8"
source = "registry+https://github.com/rust-lang/crates.io-index"
checksum = "237a5ed80e274dbc66f86bd59c1e25edc039660be53194b5fe0a482e0f2612ea"

[[package]]
name = "proc-macro-hack"
version = "0.5.16"
source = "registry+https://github.com/rust-lang/crates.io-index"
checksum = "7e0456befd48169b9f13ef0f0ad46d492cf9d2dbb918bcf38e01eed4ce3ec5e4"

[[package]]
name = "proc-macro2"
version = "1.0.18"
source = "registry+https://github.com/rust-lang/crates.io-index"
checksum = "beae6331a816b1f65d04c45b078fd8e6c93e8071771f41b8163255bbd8d7c8fa"
dependencies = [
 "unicode-xid",
]

[[package]]
name = "quote"
version = "1.0.6"
source = "registry+https://github.com/rust-lang/crates.io-index"
checksum = "54a21852a652ad6f610c9510194f398ff6f8692e334fd1145fed931f7fbe44ea"
dependencies = [
 "proc-macro2",
]

[[package]]
name = "rand"
version = "0.7.3"
source = "registry+https://github.com/rust-lang/crates.io-index"
checksum = "6a6b1679d49b24bbfe0c803429aa1874472f50d9b363131f0e89fc356b544d03"
dependencies = [
 "getrandom",
 "libc",
 "rand_chacha",
 "rand_core",
 "rand_hc",
]

[[package]]
name = "rand_chacha"
version = "0.2.2"
source = "registry+https://github.com/rust-lang/crates.io-index"
checksum = "f4c8ed856279c9737206bf725bf36935d8666ead7aa69b52be55af369d193402"
dependencies = [
 "ppv-lite86",
 "rand_core",
]

[[package]]
name = "rand_core"
version = "0.5.1"
source = "registry+https://github.com/rust-lang/crates.io-index"
checksum = "90bde5296fc891b0cef12a6d03ddccc162ce7b2aff54160af9338f8d40df6d19"
dependencies = [
 "getrandom",
]

[[package]]
name = "rand_hc"
version = "0.2.0"
source = "registry+https://github.com/rust-lang/crates.io-index"
checksum = "ca3129af7b92a17112d59ad498c6f81eaf463253766b90396d39ea7a39d6613c"
dependencies = [
 "rand_core",
]

[[package]]
name = "rayon"
version = "1.3.0"
source = "registry+https://github.com/rust-lang/crates.io-index"
checksum = "db6ce3297f9c85e16621bb8cca38a06779ffc31bb8184e1be4bed2be4678a098"
dependencies = [
 "crossbeam-deque",
 "either",
 "rayon-core",
]

[[package]]
name = "rayon-core"
version = "1.7.0"
source = "registry+https://github.com/rust-lang/crates.io-index"
checksum = "08a89b46efaf957e52b18062fb2f4660f8b8a4dde1807ca002690868ef2c85a9"
dependencies = [
 "crossbeam-deque",
 "crossbeam-queue",
 "crossbeam-utils",
 "lazy_static",
 "num_cpus",
]

[[package]]
name = "regex"
version = "1.3.9"
source = "registry+https://github.com/rust-lang/crates.io-index"
checksum = "9c3780fcf44b193bc4d09f36d2a3c87b251da4a046c87795a0d35f4f927ad8e6"
dependencies = [
 "regex-syntax",
]

[[package]]
name = "regex-automata"
version = "0.1.9"
source = "registry+https://github.com/rust-lang/crates.io-index"
checksum = "ae1ded71d66a4a97f5e961fd0cb25a5f366a42a41570d16a763a69c092c26ae4"
dependencies = [
 "byteorder",
]

[[package]]
name = "regex-syntax"
version = "0.6.18"
source = "registry+https://github.com/rust-lang/crates.io-index"
checksum = "26412eb97c6b088a6997e05f69403a802a92d520de2f8e63c2b65f9e0f47c4e8"

[[package]]
name = "rustc_version"
version = "0.2.3"
source = "registry+https://github.com/rust-lang/crates.io-index"
checksum = "138e3e0acb6c9fb258b19b67cb8abd63c00679d2851805ea151465464fe9030a"
dependencies = [
 "semver",
]

[[package]]
name = "ryu"
version = "1.0.5"
source = "registry+https://github.com/rust-lang/crates.io-index"
checksum = "71d301d4193d031abdd79ff7e3dd721168a9572ef3fe51a1517aba235bd8f86e"

[[package]]
name = "salsa20"
version = "0.5.0"
source = "registry+https://github.com/rust-lang/crates.io-index"
checksum = "9431e496727766824bc7dad53a00326a78bb4b3e92afeaaaafdaaf5dca4053b6"
dependencies = [
 "stream-cipher",
 "zeroize",
]

[[package]]
name = "same-file"
version = "1.0.6"
source = "registry+https://github.com/rust-lang/crates.io-index"
checksum = "93fc1dc3aaa9bfed95e02e6eadabb4baf7e3078b0bd1b4d7b6b0b68378900502"
dependencies = [
 "winapi-util",
]

[[package]]
name = "scopeguard"
version = "1.1.0"
source = "registry+https://github.com/rust-lang/crates.io-index"
checksum = "d29ab0c6d3fc0ee92fe66e2d99f700eab17a8d57d1c1d3b748380fb20baa78cd"

[[package]]
name = "semver"
version = "0.9.0"
source = "registry+https://github.com/rust-lang/crates.io-index"
checksum = "1d7eb9ef2c18661902cc47e535f9bc51b78acd254da71d375c2f6720d9a40403"
dependencies = [
 "semver-parser",
]

[[package]]
name = "semver-parser"
version = "0.7.0"
source = "registry+https://github.com/rust-lang/crates.io-index"
checksum = "388a1df253eca08550bef6c72392cfe7c30914bf41df5269b68cbd6ff8f570a3"

[[package]]
name = "serde"
version = "1.0.111"
source = "registry+https://github.com/rust-lang/crates.io-index"
checksum = "c9124df5b40cbd380080b2cc6ab894c040a3070d995f5c9dc77e18c34a8ae37d"

[[package]]
name = "serde_derive"
version = "1.0.111"
source = "registry+https://github.com/rust-lang/crates.io-index"
checksum = "3f2c3ac8e6ca1e9c80b8be1023940162bf81ae3cffbb1809474152f2ce1eb250"
dependencies = [
 "proc-macro2",
 "quote",
 "syn",
]

[[package]]
name = "serde_json"
version = "1.0.53"
source = "registry+https://github.com/rust-lang/crates.io-index"
checksum = "993948e75b189211a9b31a7528f950c6adc21f9720b6438ff80a7fa2f864cea2"
dependencies = [
 "itoa",
 "ryu",
 "serde",
]

[[package]]
name = "stable_deref_trait"
version = "1.1.1"
source = "registry+https://github.com/rust-lang/crates.io-index"
checksum = "dba1a27d3efae4351c8051072d619e3ade2820635c3958d826bfea39d59b54c8"

[[package]]
name = "stream-cipher"
version = "0.4.0"
source = "registry+https://github.com/rust-lang/crates.io-index"
checksum = "97961116ec5528e0df39aa6e514377cd1572b8b4623576b371da425a87328d16"
dependencies = [
 "block-cipher",
 "generic-array 0.14.1",
]

[[package]]
name = "subtle"
version = "2.2.3"
source = "registry+https://github.com/rust-lang/crates.io-index"
checksum = "502d53007c02d7605a05df1c1a73ee436952781653da5d0bf57ad608f66932c1"

[[package]]
name = "syn"
version = "1.0.30"
source = "registry+https://github.com/rust-lang/crates.io-index"
checksum = "93a56fabc59dce20fe48b6c832cc249c713e7ed88fa28b0ee0a3bfcaae5fe4e2"
dependencies = [
 "proc-macro2",
 "quote",
 "unicode-xid",
]

[[package]]
name = "synstructure"
version = "0.12.3"
source = "registry+https://github.com/rust-lang/crates.io-index"
checksum = "67656ea1dc1b41b1451851562ea232ec2e5a80242139f7e679ceccfb5d61f545"
dependencies = [
 "proc-macro2",
 "quote",
 "syn",
 "unicode-xid",
]

[[package]]
name = "textwrap"
version = "0.11.0"
source = "registry+https://github.com/rust-lang/crates.io-index"
checksum = "d326610f408c7a4eb6f51c37c330e496b08506c9457c9d34287ecc38809fb060"
dependencies = [
 "unicode-width",
]

[[package]]
name = "tinytemplate"
version = "1.1.0"
source = "registry+https://github.com/rust-lang/crates.io-index"
checksum = "6d3dc76004a03cec1c5932bca4cdc2e39aaa798e3f82363dd94f9adf6098c12f"
dependencies = [
 "serde",
 "serde_json",
]

[[package]]
name = "typenum"
version = "1.12.0"
source = "registry+https://github.com/rust-lang/crates.io-index"
checksum = "373c8a200f9e67a0c95e62a4f52fbf80c23b4381c05a17845531982fa99e6b33"

[[package]]
name = "unicode-width"
version = "0.1.7"
source = "registry+https://github.com/rust-lang/crates.io-index"
checksum = "caaa9d531767d1ff2150b9332433f32a24622147e5ebb1f26409d5da67afd479"

[[package]]
name = "unicode-xid"
version = "0.2.0"
source = "registry+https://github.com/rust-lang/crates.io-index"
checksum = "826e7639553986605ec5979c7dd957c7895e93eabed50ab2ffa7f6128a75097c"

[[package]]
name = "universal-hash"
version = "0.4.0"
source = "registry+https://github.com/rust-lang/crates.io-index"
checksum = "8326b2c654932e3e4f9196e69d08fdf7cfd718e1dc6f66b347e6024a0c961402"
dependencies = [
 "generic-array 0.14.1",
 "subtle",
]

[[package]]
name = "walkdir"
version = "2.3.1"
source = "registry+https://github.com/rust-lang/crates.io-index"
checksum = "777182bc735b6424e1a57516d35ed72cb8019d85c8c9bf536dccb3445c1a2f7d"
dependencies = [
 "same-file",
 "winapi",
 "winapi-util",
]

[[package]]
name = "wasi"
version = "0.9.0+wasi-snapshot-preview1"
source = "registry+https://github.com/rust-lang/crates.io-index"
checksum = "cccddf32554fecc6acb585f82a32a72e28b48f8c4c1883ddfeeeaa96f7d8e519"

[[package]]
name = "wasm-bindgen"
version = "0.2.63"
source = "registry+https://github.com/rust-lang/crates.io-index"
checksum = "4c2dc4aa152834bc334f506c1a06b866416a8b6697d5c9f75b9a689c8486def0"
dependencies = [
 "cfg-if",
 "wasm-bindgen-macro",
]

[[package]]
name = "wasm-bindgen-backend"
version = "0.2.63"
source = "registry+https://github.com/rust-lang/crates.io-index"
checksum = "ded84f06e0ed21499f6184df0e0cb3494727b0c5da89534e0fcc55c51d812101"
dependencies = [
 "bumpalo",
 "lazy_static",
 "log",
 "proc-macro2",
 "quote",
 "syn",
 "wasm-bindgen-shared",
]

[[package]]
name = "wasm-bindgen-macro"
version = "0.2.63"
source = "registry+https://github.com/rust-lang/crates.io-index"
checksum = "838e423688dac18d73e31edce74ddfac468e37b1506ad163ffaf0a46f703ffe3"
dependencies = [
 "quote",
 "wasm-bindgen-macro-support",
]

[[package]]
name = "wasm-bindgen-macro-support"
version = "0.2.63"
source = "registry+https://github.com/rust-lang/crates.io-index"
checksum = "3156052d8ec77142051a533cdd686cba889537b213f948cd1d20869926e68e92"
dependencies = [
 "proc-macro2",
 "quote",
 "syn",
 "wasm-bindgen-backend",
 "wasm-bindgen-shared",
]

[[package]]
name = "wasm-bindgen-shared"
version = "0.2.63"
source = "registry+https://github.com/rust-lang/crates.io-index"
checksum = "c9ba19973a58daf4db6f352eda73dc0e289493cd29fb2632eb172085b6521acd"

[[package]]
name = "web-sys"
version = "0.3.40"
source = "registry+https://github.com/rust-lang/crates.io-index"
checksum = "7b72fe77fd39e4bd3eaa4412fd299a0be6b3dfe9d2597e2f1c20beb968f41d17"
dependencies = [
 "js-sys",
 "wasm-bindgen",
]

[[package]]
name = "winapi"
version = "0.3.8"
source = "registry+https://github.com/rust-lang/crates.io-index"
checksum = "8093091eeb260906a183e6ae1abdba2ef5ef2257a21801128899c3fc699229c6"
dependencies = [
 "winapi-i686-pc-windows-gnu",
 "winapi-x86_64-pc-windows-gnu",
]

[[package]]
name = "winapi-i686-pc-windows-gnu"
version = "0.4.0"
source = "registry+https://github.com/rust-lang/crates.io-index"
checksum = "ac3b87c63620426dd9b991e5ce0329eff545bccbbb34f3be09ff6fb6ab51b7b6"

[[package]]
name = "winapi-util"
version = "0.1.5"
source = "registry+https://github.com/rust-lang/crates.io-index"
checksum = "70ec6ce85bb158151cae5e5c87f95a8e97d2c0c4b001223f33a334e3ce5de178"
dependencies = [
 "winapi",
]

[[package]]
name = "winapi-x86_64-pc-windows-gnu"
version = "0.4.0"
source = "registry+https://github.com/rust-lang/crates.io-index"
checksum = "712e227841d057c1ee1cd2fb22fa7e5a5461ae8e48fa2ca79ec42cfc1931183f"

[[package]]
name = "x25519-dalek"
version = "0.6.0"
source = "registry+https://github.com/rust-lang/crates.io-index"
checksum = "637ff90c9540fa3073bb577e65033069e4bae7c79d49d74aa3ffdf5342a53217"
dependencies = [
 "curve25519-dalek",
 "rand_core",
 "zeroize",
]

[[package]]
name = "xsalsa20poly1305"
version = "0.4.0"
dependencies = [
 "aead",
 "poly1305",
 "rand_core",
 "salsa20",
 "subtle",
 "zeroize",
]

[[package]]
name = "zeroize"
version = "1.1.0"
source = "registry+https://github.com/rust-lang/crates.io-index"
checksum = "3cbac2ed2ba24cc90f5e06485ac8c7c1e5449fe8911aef4d8877218af021a5b8"
dependencies = [
 "zeroize_derive",
]

[[package]]
name = "zeroize_derive"
version = "1.0.0"
source = "registry+https://github.com/rust-lang/crates.io-index"
checksum = "de251eec69fc7c1bc3923403d18ececb929380e016afe103da75f396704f8ca2"
dependencies = [
 "proc-macro2",
 "quote",
 "syn",
 "synstructure",
]
