# This file is automatically @generated by Cargo.
# It is not intended for manual editing.
#
version = 4

[[package]]
name = "aead"
version = "0.6.0-rc.3"
source = "registry+https://github.com/rust-lang/crates.io-index"
checksum = "03d2d54c4d9e7006f132f615a167865bff927a79ca63d8f637237575ce0a9795"
dependencies = [
 "arrayvec",
 "blobby",
 "bytes",
 "crypto-common",
 "inout",
]

[[package]]
name = "aead-stream"
version = "0.6.0-rc.2"
dependencies = [
 "aead",
]

[[package]]
name = "aes"
version = "0.9.0-rc.2"
source = "registry+https://github.com/rust-lang/crates.io-index"
checksum = "fd9e1c818b25efb32214df89b0ec22f01aa397aaeb718d1022bf0635a3bfd1a8"
dependencies = [
 "cfg-if",
 "cipher",
 "cpufeatures",
]

[[package]]
name = "aes-gcm"
version = "0.11.0-rc.2"
dependencies = [
 "aead",
 "aes",
 "cipher",
 "ctr",
 "ghash",
 "hex-literal",
 "subtle",
 "zeroize",
]

[[package]]
name = "aes-gcm-siv"
version = "0.12.0-rc.2"
dependencies = [
 "aead",
 "aes",
 "cipher",
 "ctr",
 "polyval",
 "subtle",
 "zeroize",
]

[[package]]
name = "aes-siv"
version = "0.8.0-rc.2"
dependencies = [
 "aead",
 "aes",
 "blobby",
 "cipher",
 "cmac",
 "ctr",
 "dbl",
 "digest",
 "hex-literal",
 "pmac",
 "zeroize",
]

[[package]]
name = "arrayvec"
version = "0.7.6"
source = "registry+https://github.com/rust-lang/crates.io-index"
checksum = "7c02d123df017efcdfbd739ef81735b36c5ba83ec3c59c80a9d7ecc718f92e50"

[[package]]
name = "ascon"
version = "0.5.0-rc.0"
source = "registry+https://github.com/rust-lang/crates.io-index"
checksum = "953707d565de11d13f8cf7d880e9a46c9c403693cb7d79dcfa49feaac2d2020f"
dependencies = [
 "zeroize",
]

[[package]]
name = "ascon-aead128"
version = "0.1.0-rc.2"
dependencies = [
 "aead",
 "ascon",
 "subtle",
 "zeroize",
]

[[package]]
name = "belt-block"
version = "0.2.0-rc.2"
source = "registry+https://github.com/rust-lang/crates.io-index"
checksum = "e34d9cc93a6506887eed92e4e9459c13469eee4ef2b2af305a182ebf53e4d6a3"
dependencies = [
 "cipher",
]

[[package]]
name = "belt-ctr"
version = "0.2.0-rc.2"
source = "registry+https://github.com/rust-lang/crates.io-index"
checksum = "14c29c60fc2c2dde42f07616fcede769e6bebacf35b4ffbb046cb847dfe03c7c"
dependencies = [
 "belt-block",
 "cipher",
]

[[package]]
name = "belt-dwp"
version = "0.1.0-rc.2"
dependencies = [
 "aead",
 "belt-block",
 "belt-ctr",
 "hex-literal",
 "opaque-debug",
 "subtle",
 "universal-hash",
 "zeroize",
]

[[package]]
name = "bitflags"
version = "2.9.0"
source = "registry+https://github.com/rust-lang/crates.io-index"
checksum = "5c8214115b7bf84099f1309324e63141d4c5d7cc26862f97a0a857dbefe165bd"

[[package]]
name = "blobby"
version = "0.4.0"
source = "registry+https://github.com/rust-lang/crates.io-index"
checksum = "89af0b093cc13baa4e51e64e65ec2422f7e73aea0e612e5ad3872986671622f1"

[[package]]
name = "block-buffer"
version = "0.11.0-rc.5"
source = "registry+https://github.com/rust-lang/crates.io-index"
checksum = "e9ef36a6fcdb072aa548f3da057640ec10859eb4e91ddf526ee648d50c76a949"
dependencies = [
 "hybrid-array",
 "zeroize",
]

[[package]]
name = "bytes"
version = "1.10.1"
source = "registry+https://github.com/rust-lang/crates.io-index"
checksum = "d71b6127be86fdcfddb610f7182ac57211d4b18a3e9c82eb2d17662f2227ad6a"

[[package]]
name = "ccm"
version = "0.6.0-rc.2"
dependencies = [
 "aead",
 "aes",
 "cipher",
 "ctr",
 "hex-literal",
 "subtle",
]

[[package]]
name = "cfg-if"
version = "1.0.0"
source = "registry+https://github.com/rust-lang/crates.io-index"
checksum = "baf1de4339761588bc0619e3cbc0120ee582ebb74b53b4efbf79117bd2da40fd"

[[package]]
name = "chacha20"
version = "0.10.0-rc.5"
source = "registry+https://github.com/rust-lang/crates.io-index"
checksum = "99cbf41c6ec3c4b9eaf7f8f5c11a72cd7d3aa0428125c20d5ef4d09907a0f019"
dependencies = [
 "cfg-if",
 "cipher",
 "cpufeatures",
 "zeroize",
]

[[package]]
name = "chacha20poly1305"
version = "0.11.0-rc.2"
dependencies = [
 "aead",
 "chacha20",
 "cipher",
 "poly1305",
 "zeroize",
]

[[package]]
name = "cipher"
version = "0.5.0-rc.2"
source = "registry+https://github.com/rust-lang/crates.io-index"
checksum = "155e4a260750fa4f7754649f049748aacc31db238a358d85fd721002f230f92f"
dependencies = [
 "block-buffer",
 "crypto-common",
 "inout",
 "zeroize",
]

[[package]]
name = "cmac"
version = "0.8.0-rc.3"
source = "registry+https://github.com/rust-lang/crates.io-index"
checksum = "a4f22bad4cbf035f087384fa49d3c5d105af29801fe3d04831a737a982d67cd0"
dependencies = [
 "cipher",
 "dbl",
 "digest",
]

[[package]]
name = "cpufeatures"
version = "0.2.17"
source = "registry+https://github.com/rust-lang/crates.io-index"
checksum = "59ed5838eebb26a2bb2e58f6d5b5316989ae9d08bab10e0e6d103e656d1b0280"
dependencies = [
 "libc",
]

[[package]]
name = "crypto-common"
version = "0.2.0-rc.5"
source = "registry+https://github.com/rust-lang/crates.io-index"
checksum = "919bd05924682a5480aec713596b9e2aabed3a0a6022fab6847f85a99e5f190a"
dependencies = [
 "getrandom",
 "hybrid-array",
 "rand_core",
]

[[package]]
name = "ctr"
version = "0.10.0-rc.2"
source = "registry+https://github.com/rust-lang/crates.io-index"
checksum = "3d0ec605a95e78815a4c4b8040217d56d5a1ab37043851ee9e7e65b89afa00e3"
dependencies = [
 "cipher",
]

[[package]]
name = "dbl"
version = "0.5.0"
source = "registry+https://github.com/rust-lang/crates.io-index"
checksum = "f0d7a944e61df464668c5f51f56cc667396a8821434273112948ea0b66e405d7"
dependencies = [
 "hybrid-array",
]

[[package]]
name = "deoxys"
version = "0.2.0-rc.2"
dependencies = [
 "aead",
 "aes",
 "hex-literal",
 "subtle",
 "zeroize",
]

[[package]]
name = "digest"
version = "0.11.0-rc.4"
source = "registry+https://github.com/rust-lang/crates.io-index"
checksum = "ea390c940e465846d64775e55e3115d5dc934acb953de6f6e6360bc232fe2bf7"
dependencies = [
 "block-buffer",
 "crypto-common",
 "subtle",
]

[[package]]
name = "eax"
version = "0.6.0-rc.2"
dependencies = [
 "aead",
 "aes",
 "cipher",
 "cmac",
 "ctr",
 "subtle",
]

[[package]]
name = "getrandom"
version = "0.3.1"
source = "registry+https://github.com/rust-lang/crates.io-index"
checksum = "43a49c392881ce6d5c3b8cb70f98717b7c07aabbdff06687b9030dbfbe2725f8"
dependencies = [
 "cfg-if",
 "libc",
 "wasi",
 "windows-targets",
]

[[package]]
name = "ghash"
version = "0.6.0-rc.3"
source = "registry+https://github.com/rust-lang/crates.io-index"
checksum = "333de57ed9494a40df4bbb866752b100819dde0d18f2264c48f5a08a85fe673d"
dependencies = [
 "polyval",
]

[[package]]
name = "hex-literal"
version = "1.1.0"
source = "registry+https://github.com/rust-lang/crates.io-index"
checksum = "e712f64ec3850b98572bffac52e2c6f282b29fe6c5fa6d42334b30be438d95c1"

[[package]]
name = "hybrid-array"
version = "0.4.0"
source = "registry+https://github.com/rust-lang/crates.io-index"
checksum = "6fe39a812f039072707ce38020acbab2f769087952eddd9e2b890f37654b2349"
dependencies = [
 "typenum",
 "zeroize",
]

[[package]]
name = "inout"
version = "0.2.1"
source = "registry+https://github.com/rust-lang/crates.io-index"
checksum = "c7357b6e7aa75618c7864ebd0634b115a7218b0615f4cb1df33ac3eca23943d4"
dependencies = [
 "hybrid-array",
]

[[package]]
name = "libc"
version = "0.2.170"
source = "registry+https://github.com/rust-lang/crates.io-index"
checksum = "875b3680cb2f8f71bdcf9a30f38d48282f5d3c95cbf9b3fa57269bb5d5c06828"

[[package]]
name = "ocb3"
version = "0.2.0-rc.2"
dependencies = [
 "aead",
 "aead-stream",
 "aes",
 "cipher",
 "ctr",
 "dbl",
 "hex-literal",
 "subtle",
 "zeroize",
]

[[package]]
name = "opaque-debug"
version = "0.3.1"
source = "registry+https://github.com/rust-lang/crates.io-index"
checksum = "c08d65885ee38876c4f86fa503fb49d7b507c2b62552df7c70b2fce627e06381"

[[package]]
name = "pmac"
version = "0.8.0-rc.3"
source = "registry+https://github.com/rust-lang/crates.io-index"
checksum = "aedfe418db7dc831d5108be56451ea366147c38cf2c2e2ea0700449040dd2184"
dependencies = [
 "cipher",
 "dbl",
 "digest",
]

[[package]]
name = "poly1305"
version = "0.9.0-rc.3"
source = "registry+https://github.com/rust-lang/crates.io-index"
checksum = "d9c0749ae91cfe6e68c77c4d48802d9720ee06aed3f7100a38975fb0962d50bc"
dependencies = [
 "cpufeatures",
 "universal-hash",
]

[[package]]
name = "polyval"
version = "0.7.0-rc.3"
source = "registry+https://github.com/rust-lang/crates.io-index"
checksum = "1ad60831c19edda4b20878a676595c357e93a9b4e6dca2ba98d75b01066b317b"
dependencies = [
 "cfg-if",
 "cpufeatures",
 "universal-hash",
]

[[package]]
name = "proc-macro2"
version = "1.0.95"
source = "registry+https://github.com/rust-lang/crates.io-index"
checksum = "02b3e5e68a3a1a02aad3ec490a98007cbc13c37cbe84a3cd7b8e406d76e7f778"
dependencies = [
 "unicode-ident",
]

[[package]]
name = "quote"
version = "1.0.40"
source = "registry+https://github.com/rust-lang/crates.io-index"
checksum = "1885c039570dc00dcb4ff087a89e185fd56bae234ddc7f056a945bf36467248d"
dependencies = [
 "proc-macro2",
]

[[package]]
name = "rand_core"
version = "0.10.0-rc-2"
source = "registry+https://github.com/rust-lang/crates.io-index"
checksum = "104a23e4e8b77312a823b6b5613edbac78397e2f34320bc7ac4277013ec4478e"

[[package]]
name = "subtle"
version = "2.6.1"
source = "registry+https://github.com/rust-lang/crates.io-index"
checksum = "13c2bddecc57b384dee18652358fb23172facb8a2c51ccc10d74c157bdea3292"

[[package]]
name = "syn"
version = "2.0.100"
source = "registry+https://github.com/rust-lang/crates.io-index"
checksum = "b09a44accad81e1ba1cd74a32461ba89dee89095ba17b32f5d03683b1b1fc2a0"
dependencies = [
 "proc-macro2",
 "quote",
 "unicode-ident",
]

[[package]]
name = "typenum"
version = "1.17.0"
source = "registry+https://github.com/rust-lang/crates.io-index"
checksum = "42ff0bf0c66b8238c6f3b578df37d0b7848e55df8577b3f74f92a69acceeb825"

[[package]]
name = "unicode-ident"
version = "1.0.18"
source = "registry+https://github.com/rust-lang/crates.io-index"
checksum = "5a5f39404a5da50712a4c1eecf25e90dd62b613502b7e925fd4e4d19b5c96512"

[[package]]
name = "universal-hash"
version = "0.6.0-rc.3"
source = "registry+https://github.com/rust-lang/crates.io-index"
checksum = "9ad6682ddb0189a4d3c2a5c54b8920ab6231ae911db53fc61a0709507bf1713b"
dependencies = [
 "crypto-common",
 "subtle",
]

[[package]]
name = "wasi"
version = "0.13.3+wasi-0.2.2"
source = "registry+https://github.com/rust-lang/crates.io-index"
checksum = "26816d2e1a4a36a2940b96c5296ce403917633dff8f3440e9b236ed6f6bacad2"
dependencies = [
 "wit-bindgen-rt",
]

[[package]]
name = "windows-targets"
version = "0.52.6"
source = "registry+https://github.com/rust-lang/crates.io-index"
checksum = "9b724f72796e036ab90c1021d4780d4d3d648aca59e491e6b98e725b84e99973"
dependencies = [
 "windows_aarch64_gnullvm",
 "windows_aarch64_msvc",
 "windows_i686_gnu",
 "windows_i686_gnullvm",
 "windows_i686_msvc",
 "windows_x86_64_gnu",
 "windows_x86_64_gnullvm",
 "windows_x86_64_msvc",
]

[[package]]
name = "windows_aarch64_gnullvm"
version = "0.52.6"
source = "registry+https://github.com/rust-lang/crates.io-index"
checksum = "32a4622180e7a0ec044bb555404c800bc9fd9ec262ec147edd5989ccd0c02cd3"

[[package]]
name = "windows_aarch64_msvc"
version = "0.52.6"
source = "registry+https://github.com/rust-lang/crates.io-index"
checksum = "09ec2a7bb152e2252b53fa7803150007879548bc709c039df7627cabbd05d469"

[[package]]
name = "windows_i686_gnu"
version = "0.52.6"
source = "registry+https://github.com/rust-lang/crates.io-index"
checksum = "8e9b5ad5ab802e97eb8e295ac6720e509ee4c243f69d781394014ebfe8bbfa0b"

[[package]]
name = "windows_i686_gnullvm"
version = "0.52.6"
source = "registry+https://github.com/rust-lang/crates.io-index"
checksum = "0eee52d38c090b3caa76c563b86c3a4bd71ef1a819287c19d586d7334ae8ed66"

[[package]]
name = "windows_i686_msvc"
version = "0.52.6"
source = "registry+https://github.com/rust-lang/crates.io-index"
checksum = "240948bc05c5e7c6dabba28bf89d89ffce3e303022809e73deaefe4f6ec56c66"

[[package]]
name = "windows_x86_64_gnu"
version = "0.52.6"
source = "registry+https://github.com/rust-lang/crates.io-index"
checksum = "147a5c80aabfbf0c7d901cb5895d1de30ef2907eb21fbbab29ca94c5b08b1a78"

[[package]]
name = "windows_x86_64_gnullvm"
version = "0.52.6"
source = "registry+https://github.com/rust-lang/crates.io-index"
checksum = "24d5b23dc417412679681396f2b49f3de8c1473deb516bd34410872eff51ed0d"

[[package]]
name = "windows_x86_64_msvc"
version = "0.52.6"
source = "registry+https://github.com/rust-lang/crates.io-index"
checksum = "589f6da84c646204747d1270a2a5661ea66ed1cced2631d546fdfb155959f9ec"

[[package]]
name = "wit-bindgen-rt"
version = "0.33.0"
source = "registry+https://github.com/rust-lang/crates.io-index"
checksum = "3268f3d866458b787f390cf61f4bbb563b922d091359f9608842999eaee3943c"
dependencies = [
 "bitflags",
]

[[package]]
name = "xaes-256-gcm"
version = "0.1.0-rc.2"
dependencies = [
 "aead",
 "aead-stream",
 "aes",
 "aes-gcm",
 "cipher",
 "hex-literal",
]

[[package]]
name = "zeroize"
version = "1.8.2"
source = "registry+https://github.com/rust-lang/crates.io-index"
checksum = "b97154e67e32c85465826e8bcc1c59429aaaf107c1e4a9e53c8d8ccd5eff88d0"
dependencies = [
 "zeroize_derive",
]

[[package]]
name = "zeroize_derive"
version = "1.4.2"
source = "registry+https://github.com/rust-lang/crates.io-index"
checksum = "ce36e65b0d2999d2aafac989fb249189a141aee1f53c612c1f37d72631959f69"
dependencies = [
 "proc-macro2",
 "quote",
 "syn",
]
