# This file is automatically @generated by Cargo.
# It is not intended for manual editing.
#
version = 3

[[package]]
name = "aead"
version = "0.6.0-rc.0"
source = "registry+https://github.com/rust-lang/crates.io-index"
checksum = "b5f451b77e2f92932dc411da6ef9f3d33efad68a6f14a7a83e559453458e85ac"
dependencies = [
 "arrayvec",
 "blobby",
 "crypto-common",
 "heapless",
]

[[package]]
name = "aes"
version = "0.9.0-pre.1"
source = "registry+https://github.com/rust-lang/crates.io-index"
checksum = "183b3b4639f8f7237857117abb74f3dc8648b77e67ff78d9cb6959fd7e76f387"
dependencies = [
 "cfg-if",
 "cipher",
 "cpufeatures",
]

[[package]]
name = "aes-gcm"
version = "0.11.0-pre.1"
dependencies = [
 "aead",
 "aes",
 "cipher",
 "ctr",
 "ghash",
 "hex-literal",
 "subtle",
 "zeroize",
]

[[package]]
name = "aes-gcm"
version = "0.11.0-pre.1"
source = "registry+https://github.com/rust-lang/crates.io-index"
checksum = "c4ca4317859cecdb9849cf94087998a04efc7beedc07855836cb2534fd9aa4db"
dependencies = [
 "aead",
 "aes",
 "cipher",
 "ctr",
 "ghash",
 "subtle",
]

[[package]]
name = "aes-gcm-siv"
version = "0.12.0-pre.1"
dependencies = [
 "aead",
 "aes",
 "cipher",
 "ctr",
 "polyval",
 "subtle",
 "zeroize",
]

[[package]]
name = "aes-siv"
version = "0.7.0"
dependencies = [
 "aead",
 "aes",
 "blobby",
 "cipher",
 "cmac",
 "ctr",
 "dbl",
 "digest",
 "hex-literal",
 "pmac",
 "zeroize",
]

[[package]]
name = "arrayvec"
version = "0.7.4"
source = "registry+https://github.com/rust-lang/crates.io-index"
checksum = "96d30a06541fbafbc7f82ed10c06164cfbd2c401138f6addd8404629c4b16711"

[[package]]
name = "ascon"
version = "0.4.0"
source = "registry+https://github.com/rust-lang/crates.io-index"
checksum = "5f0e716048a18530cce4684daf98a7563a499d710e1ed8ef35567fcb43a7c5f1"
dependencies = [
 "zeroize",
]

[[package]]
name = "ascon-aead"
version = "0.4.2"
dependencies = [
 "aead",
 "ascon",
 "hex-literal",
 "subtle",
 "zeroize",
]

[[package]]
name = "blobby"
version = "0.3.1"
source = "registry+https://github.com/rust-lang/crates.io-index"
checksum = "847495c209977a90e8aad588b959d0ca9f5dc228096d29a6bd3defd53f35eaec"

[[package]]
name = "block-buffer"
version = "0.11.0-rc.0"
source = "registry+https://github.com/rust-lang/crates.io-index"
checksum = "17092d478f4fadfb35a7e082f62e49f0907fdf048801d9d706277e34f9df8a78"
dependencies = [
 "crypto-common",
]

[[package]]
name = "block-padding"
version = "0.4.0-rc.0"
source = "registry+https://github.com/rust-lang/crates.io-index"
checksum = "0d7992d59cd95a984bde8833d4d025886eec3718777971ad15c58df0b070254a"
dependencies = [
 "hybrid-array",
]

[[package]]
name = "byteorder"
version = "1.5.0"
source = "registry+https://github.com/rust-lang/crates.io-index"
checksum = "1fd0f2584146f6f2ef48085050886acf353beff7305ebd1ae69500e27c67f64b"

[[package]]
name = "ccm"
version = "0.5.0"
dependencies = [
 "aead",
 "aes",
 "cipher",
 "ctr",
 "hex-literal",
 "subtle",
]

[[package]]
name = "cfg-if"
version = "1.0.0"
source = "registry+https://github.com/rust-lang/crates.io-index"
checksum = "baf1de4339761588bc0619e3cbc0120ee582ebb74b53b4efbf79117bd2da40fd"

[[package]]
name = "chacha20"
version = "0.10.0-pre.1"
source = "registry+https://github.com/rust-lang/crates.io-index"
checksum = "2e6a99ac5abed8864eaedd3b95efdab3e10f41f008f0967bb9c53b093eeb3c62"
dependencies = [
 "cfg-if",
 "cipher",
 "cpufeatures",
 "zeroize",
]

[[package]]
name = "chacha20poly1305"
version = "0.11.0-pre.1"
dependencies = [
 "aead",
 "chacha20",
 "cipher",
 "poly1305",
 "zeroize",
]

[[package]]
name = "cipher"
version = "0.5.0-pre.6"
source = "registry+https://github.com/rust-lang/crates.io-index"
checksum = "c71c893d5a1e8257048dbb29954d2e1f85f091a150304f1defe4ca2806da5d3f"
dependencies = [
 "crypto-common",
 "inout",
]

[[package]]
name = "cmac"
version = "0.8.0-pre.1"
source = "registry+https://github.com/rust-lang/crates.io-index"
checksum = "16deb366a100cbd9ecd84d1ec674168385f769c95ec3841179663b0f2e6ff4b1"
dependencies = [
 "cipher",
 "dbl",
 "digest",
]

[[package]]
name = "cpufeatures"
version = "0.2.12"
source = "registry+https://github.com/rust-lang/crates.io-index"
checksum = "53fe5e26ff1b7aef8bca9c6080520cfb8d9333c7568e1829cef191a9723e5504"
dependencies = [
 "libc",
]

[[package]]
name = "crypto-common"
version = "0.2.0-rc.0"
source = "registry+https://github.com/rust-lang/crates.io-index"
checksum = "8c070b79a496dccd931229780ad5bbedd535ceff6c3565605a8e440e18e1aa2b"
dependencies = [
 "getrandom",
 "hybrid-array",
 "rand_core",
]

[[package]]
name = "ctr"
version = "0.10.0-pre.1"
source = "registry+https://github.com/rust-lang/crates.io-index"
checksum = "7f1637b299862a663dd5af70ee109d53555eff68b99b454fe535ed6599b0e9b3"
dependencies = [
 "cipher",
]

[[package]]
name = "dbl"
version = "0.4.0-rc.0"
source = "registry+https://github.com/rust-lang/crates.io-index"
checksum = "bb19b576f7e885fac6667774f906b150c9e4df82ed8974d5a99a82bdbee946a8"
dependencies = [
 "hybrid-array",
]

[[package]]
name = "deoxys"
version = "0.1.0"
dependencies = [
 "aead",
 "aes",
 "hex-literal",
 "subtle",
 "zeroize",
]

[[package]]
name = "digest"
version = "0.11.0-pre.9"
source = "registry+https://github.com/rust-lang/crates.io-index"
checksum = "cf2e3d6615d99707295a9673e889bf363a04b2a466bd320c65a72536f7577379"
dependencies = [
 "block-buffer",
 "crypto-common",
 "subtle",
]

[[package]]
name = "eax"
version = "0.5.0"
dependencies = [
 "aead",
 "aes",
 "cipher",
 "cmac",
 "ctr",
 "subtle",
]

[[package]]
name = "getrandom"
version = "0.2.15"
source = "registry+https://github.com/rust-lang/crates.io-index"
checksum = "c4567c8db10ae91089c99af84c68c38da3ec2f087c3f82960bcdbf3656b6f4d7"
dependencies = [
 "cfg-if",
 "libc",
 "wasi",
]

[[package]]
name = "ghash"
version = "0.6.0-rc.0"
source = "registry+https://github.com/rust-lang/crates.io-index"
checksum = "3b92860fda25ab571512af210134cde2c42732cd53253bcee3f21b288b7afbc4"
dependencies = [
 "opaque-debug",
 "polyval",
]

[[package]]
name = "hash32"
version = "0.3.1"
source = "registry+https://github.com/rust-lang/crates.io-index"
checksum = "47d60b12902ba28e2730cd37e95b8c9223af2808df9e902d4df49588d1470606"
dependencies = [
 "byteorder",
]

[[package]]
name = "heapless"
version = "0.8.0"
source = "registry+https://github.com/rust-lang/crates.io-index"
checksum = "0bfb9eb618601c89945a70e254898da93b13be0388091d42117462b265bb3fad"
dependencies = [
 "hash32",
 "stable_deref_trait",
]

[[package]]
name = "hex-literal"
version = "0.4.1"
source = "registry+https://github.com/rust-lang/crates.io-index"
checksum = "6fe2267d4ed49bc07b63801559be28c718ea06c4738b7a03c94df7386d2cde46"

[[package]]
name = "hybrid-array"
version = "0.2.0-rc.9"
source = "registry+https://github.com/rust-lang/crates.io-index"
checksum = "4d306b679262030ad8813a82d4915fc04efff97776e4db7f8eb5137039d56400"
dependencies = [
 "typenum",
]

[[package]]
name = "inout"
version = "0.2.0-rc.0"
source = "registry+https://github.com/rust-lang/crates.io-index"
checksum = "bbc33218cf9ce7b927426ee4ad3501bcc5d8c26bf5fb4a82849a083715aca427"
dependencies = [
 "block-padding",
 "hybrid-array",
]

[[package]]
name = "libc"
version = "0.2.155"
source = "registry+https://github.com/rust-lang/crates.io-index"
checksum = "97b3888a4aecf77e811145cadf6eef5901f4782c53886191b2f693f24761847c"

[[package]]
name = "ocb3"
version = "0.1.0"
dependencies = [
 "aead",
 "aes",
 "cipher",
 "ctr",
 "dbl",
 "hex-literal",
 "subtle",
 "zeroize",
]

[[package]]
name = "opaque-debug"
version = "0.3.1"
source = "registry+https://github.com/rust-lang/crates.io-index"
checksum = "c08d65885ee38876c4f86fa503fb49d7b507c2b62552df7c70b2fce627e06381"

[[package]]
name = "pmac"
version = "0.8.0-pre.1"
source = "registry+https://github.com/rust-lang/crates.io-index"
checksum = "b944724c703d6337fd6fe54f72a24e56565efcf64a67b77364eaeabfe7a4c10c"
dependencies = [
 "cipher",
 "dbl",
 "digest",
]

[[package]]
name = "poly1305"
version = "0.9.0-rc.0"
source = "registry+https://github.com/rust-lang/crates.io-index"
checksum = "72844372b6c796d771899186be2c255818fdc21c68d6e2be2c7ffa509ade9df4"
dependencies = [
 "cpufeatures",
 "opaque-debug",
 "universal-hash",
]

[[package]]
name = "polyval"
version = "0.7.0-rc.0"
source = "registry+https://github.com/rust-lang/crates.io-index"
checksum = "b01cbf5c028f9f862c6f7f5a5544307d7858634df190488d432ec470c8fbc063"
dependencies = [
 "cfg-if",
 "cpufeatures",
 "opaque-debug",
 "universal-hash",
]

[[package]]
name = "proc-macro2"
version = "1.0.86"
source = "registry+https://github.com/rust-lang/crates.io-index"
checksum = "5e719e8df665df0d1c8fbfd238015744736151d4445ec0836b8e628aae103b77"
dependencies = [
 "unicode-ident",
]

[[package]]
name = "quote"
version = "1.0.36"
source = "registry+https://github.com/rust-lang/crates.io-index"
checksum = "0fa76aaf39101c457836aec0ce2316dbdc3ab723cdda1c6bd4e6ad4208acaca7"
dependencies = [
 "proc-macro2",
]

[[package]]
name = "rand_core"
version = "0.6.4"
source = "registry+https://github.com/rust-lang/crates.io-index"
checksum = "ec0be4795e2f6a28069bec0b5ff3e2ac9bafc99e6a9a7dc3547996c5c816922c"
dependencies = [
 "getrandom",
]

[[package]]
name = "stable_deref_trait"
version = "1.2.0"
source = "registry+https://github.com/rust-lang/crates.io-index"
checksum = "a8f112729512f8e442d81f95a8a7ddf2b7c6b8a1a6f509a95864142b30cab2d3"

[[package]]
name = "subtle"
version = "2.6.1"
source = "registry+https://github.com/rust-lang/crates.io-index"
checksum = "13c2bddecc57b384dee18652358fb23172facb8a2c51ccc10d74c157bdea3292"

[[package]]
name = "syn"
version = "2.0.72"
source = "registry+https://github.com/rust-lang/crates.io-index"
checksum = "dc4b9b9bf2add8093d3f2c0204471e951b2285580335de42f9d2534f3ae7a8af"
dependencies = [
 "proc-macro2",
 "quote",
 "unicode-ident",
]

[[package]]
name = "typenum"
version = "1.17.0"
source = "registry+https://github.com/rust-lang/crates.io-index"
checksum = "42ff0bf0c66b8238c6f3b578df37d0b7848e55df8577b3f74f92a69acceeb825"

[[package]]
name = "unicode-ident"
version = "1.0.12"
source = "registry+https://github.com/rust-lang/crates.io-index"
checksum = "3354b9ac3fae1ff6755cb6db53683adb661634f67557942dea4facebec0fee4b"

[[package]]
name = "universal-hash"
version = "0.6.0-rc.0"
source = "registry+https://github.com/rust-lang/crates.io-index"
checksum = "3517d72c5ca6d60f9f2e85d2c772e2652830062a685105a528d19dd823cf87d5"
dependencies = [
 "crypto-common",
 "subtle",
]

[[package]]
name = "wasi"
version = "0.11.0+wasi-snapshot-preview1"
source = "registry+https://github.com/rust-lang/crates.io-index"
checksum = "9c8d87e72b64a3b4db28d11ce29237c246188f4f51057d65a7eab63b7987e423"

[[package]]
name = "xaes-256-gcm"
version = "0.0.1-pre.0"
dependencies = [
 "aead",
 "aes",
 "aes-gcm 0.11.0-pre.1 (registry+https://github.com/rust-lang/crates.io-index)",
 "cipher",
 "hex-literal",
]

[[package]]
name = "zeroize"
version = "1.8.1"
source = "registry+https://github.com/rust-lang/crates.io-index"
checksum = "ced3678a2879b30306d323f4542626697a464a97c0a07c9aebf7ebca65cd4dde"
dependencies = [
 "zeroize_derive",
]

[[package]]
name = "zeroize_derive"
version = "1.4.2"
source = "registry+https://github.com/rust-lang/crates.io-index"
checksum = "ce36e65b0d2999d2aafac989fb249189a141aee1f53c612c1f37d72631959f69"
dependencies = [
 "proc-macro2",
 "quote",
 "syn",
]
