# This file is automatically @generated by Cargo.
# It is not intended for manual editing.
[[package]]
name = "aead"
version = "0.3.0"
source = "registry+https://github.com/rust-lang/crates.io-index"
checksum = "20e6f2cedd00d6e1d33954c9e4181094b61d87e7e751e5aaed1c249df5ba71ba"
dependencies = [
 "generic-array",
]

[[package]]
name = "aes"
version = "0.4.0"
source = "registry+https://github.com/rust-lang/crates.io-index"
checksum = "f7001367fde4c768a19d1029f0a8be5abd9308e1119846d5bd9ad26297b8faf5"
dependencies = [
 "aes-soft",
 "aesni",
 "block-cipher",
]

[[package]]
name = "aes-soft"
version = "0.4.0"
source = "registry+https://github.com/rust-lang/crates.io-index"
checksum = "4925647ee64e5056cf231608957ce7c81e12d6d6e316b9ce1404778cc1d35fa7"
dependencies = [
 "block-cipher",
 "byteorder",
 "opaque-debug",
]

[[package]]
name = "aesni"
version = "0.7.0"
source = "registry+https://github.com/rust-lang/crates.io-index"
checksum = "d050d39b0b7688b3a3254394c3e30a9d66c41dcf9b05b0e2dbdc623f6505d264"
dependencies = [
 "block-cipher",
 "opaque-debug",
]

[[package]]
name = "block-cipher"
version = "0.7.1"
source = "registry+https://github.com/rust-lang/crates.io-index"
checksum = "fa136449e765dc7faa244561ccae839c394048667929af599b5d931ebe7b7f10"
dependencies = [
 "generic-array",
]

[[package]]
name = "byteorder"
version = "1.3.4"
source = "registry+https://github.com/rust-lang/crates.io-index"
checksum = "08c48aae112d48ed9f069b33538ea9e3e90aa263cfa3d1c24309612b1f7472de"

[[package]]
name = "ccm"
version = "0.1.0"
dependencies = [
 "aead",
 "aes",
 "block-cipher",
 "hex-literal",
 "subtle",
]

[[package]]
name = "generic-array"
version = "0.14.2"
source = "registry+https://github.com/rust-lang/crates.io-index"
checksum = "ac746a5f3bbfdadd6106868134545e684693d54d9d44f6e9588a7d54af0bf980"
dependencies = [
 "typenum",
 "version_check",
]

[[package]]
name = "hex-literal"
version = "0.2.1"
source = "registry+https://github.com/rust-lang/crates.io-index"
checksum = "961de220ec9a91af2e1e5bd80d02109155695e516771762381ef8581317066e0"
dependencies = [
 "hex-literal-impl",
 "proc-macro-hack",
]

[[package]]
name = "hex-literal-impl"
version = "0.2.2"
source = "registry+https://github.com/rust-lang/crates.io-index"
checksum = "853f769599eb31de176303197b7ba4973299c38c7a7604a6bc88c3eef05b9b46"
dependencies = [
 "proc-macro-hack",
]

[[package]]
name = "opaque-debug"
version = "0.2.3"
source = "registry+https://github.com/rust-lang/crates.io-index"
checksum = "2839e79665f131bdb5782e51f2c6c9599c133c6098982a54c794358bf432529c"

[[package]]
name = "proc-macro-hack"
version = "0.5.16"
source = "registry+https://github.com/rust-lang/crates.io-index"
checksum = "7e0456befd48169b9f13ef0f0ad46d492cf9d2dbb918bcf38e01eed4ce3ec5e4"

[[package]]
name = "subtle"
version = "2.2.3"
source = "registry+https://github.com/rust-lang/crates.io-index"
checksum = "502d53007c02d7605a05df1c1a73ee436952781653da5d0bf57ad608f66932c1"

[[package]]
name = "typenum"
version = "1.12.0"
source = "registry+https://github.com/rust-lang/crates.io-index"
checksum = "373c8a200f9e67a0c95e62a4f52fbf80c23b4381c05a17845531982fa99e6b33"

[[package]]
name = "version_check"
version = "0.9.2"
source = "registry+https://github.com/rust-lang/crates.io-index"
checksum = "b5a972e5669d67ba988ce3dc826706fb0a8b01471c088cb0b6110b805cc36aed"
